
Microsoft Visual Studio Solution File, Format Version 12.00
# Visual Studio Version 17
VisualStudioVersion = 17.14.36119.2
MinimumVisualStudioVersion = 10.0.40219.1
Project("{2150E333-8FDC-42A3-9474-1A3956D46DE8}") = "022026", "022026", "{AAC7D64B-67FD-49BB-A4C5-7B22664E8DFF}"
EndProject
Project("{FAE04EC0-301F-11D3-BF4B-00C04F79EFBC}") = "260216_CSharpPractice_1", "260216_CSharpPractice_1\260216_CSharpPractice_1.csproj", "{C679AA2F-A04E-4B00-9E74-1480924A8A8E}"
EndProject
Project("{FAE04EC0-301F-11D3-BF4B-00C04F79EFBC}") = "260223_CSharpPractice_2", "260223_CSharpPractice_2\260223_CSharpPractice_2.csproj", "{7A3998CB-9D80-44C6-8D88-3313F5FB44D0}"
EndProject
Project("{FAE04EC0-301F-11D3-BF4B-00C04F79EFBC}") = "260225_1_CSharpPractice_3", "260225_1_CSharpPractice_3\260225_1_CSharpPractice_3.csproj", "{1080DEB8-01DF-48DB-9929-B729480AAFF8}"
EndProject
Project("{FAE04EC0-301F-11D3-BF4B-00C04F79EFBC}") = "260226_1_CSharpPractice_4", "260226_1_CSharpPractice_4\260226_1_CSharpPractice_4.csproj", "{98DFF1CE-BC88-4419-8B54-E48D9C2E3A10}"
EndProject
Project("{FAE04EC0-301F-11D3-BF4B-00C04F79EFBC}") = "260226_1_CSharpPractice_5", "260226_1_CSharpPractice_5\260226_1_CSharpPractice_5.csproj", "{380DBA88-A4F9-4A86-9CD4-BAF9AE1B28E0}"
EndProject
Project("{FAE04EC0-301F-11D3-BF4B-00C04F79EFBC}") = "260324_1_CSharpPractice_TurDonusumleri", "260324_1_CSharpPractice_TurDonusumleri\260324_1_CSharpPractice_TurDonusumleri.csproj", "{77B3881E-676C-470D-BB17-CBC3ABFE034A}"
EndProject
Global
	GlobalSection(SolutionConfigurationPlatforms) = preSolution
		Debug|Any CPU = Debug|Any CPU
		Release|Any CPU = Release|Any CPU
	EndGlobalSection
	GlobalSection(ProjectConfigurationPlatforms) = postSolution
		{C679AA2F-A04E-4B00-9E74-1480924A8A8E}.Debug|Any CPU.ActiveCfg = Debug|Any CPU
		{C679AA2F-A04E-4B00-9E74-1480924A8A8E}.Debug|Any CPU.Build.0 = Debug|Any CPU
		{C679AA2F-A04E-4B00-9E74-1480924A8A8E}.Release|Any CPU.ActiveCfg = Release|Any CPU
		{C679AA2F-A04E-4B00-9E74-1480924A8A8E}.Release|Any CPU.Build.0 = Release|Any CPU
		{7A3998CB-9D80-44C6-8D88-3313F5FB44D0}.Debug|Any CPU.ActiveCfg = Debug|Any CPU
		{7A3998CB-9D80-44C6-8D88-3313F5FB44D0}.Debug|Any CPU.Build.0 = Debug|Any CPU
		{7A3998CB-9D80-44C6-8D88-3313F5FB44D0}.Release|Any CPU.ActiveCfg = Release|Any CPU
		{7A3998CB-9D80-44C6-8D88-3313F5FB44D0}.Release|Any CPU.Build.0 = Release|Any CPU
		{1080DEB8-01DF-48DB-9929-B729480AAFF8}.Debug|Any CPU.ActiveCfg = Debug|Any CPU
		{1080DEB8-01DF-48DB-9929-B729480AAFF8}.Debug|Any CPU.Build.0 = Debug|Any CPU
		{1080DEB8-01DF-48DB-9929-B729480AAFF8}.Release|Any CPU.ActiveCfg = Release|Any CPU
		{1080DEB8-01DF-48DB-9929-B729480AAFF8}.Release|Any CPU.Build.0 = Release|Any CPU
		{98DFF1CE-BC88-4419-8B54-E48D9C2E3A10}.Debug|Any CPU.ActiveCfg = Debug|Any CPU
		{98DFF1CE-BC88-4419-8B54-E48D9C2E3A10}.Debug|Any CPU.Build.0 = Debug|Any CPU
		{98DFF1CE-BC88-4419-8B54-E48D9C2E3A10}.Release|Any CPU.ActiveCfg = Release|Any CPU
		{98DFF1CE-BC88-4419-8B54-E48D9C2E3A10}.Release|Any CPU.Build.0 = Release|Any CPU
		{380DBA88-A4F9-4A86-9CD4-BAF9AE1B28E0}.Debug|Any CPU.ActiveCfg = Debug|Any CPU
		{380DBA88-A4F9-4A86-9CD4-BAF9AE1B28E0}.Debug|Any CPU.Build.0 = Debug|Any CPU
		{380DBA88-A4F9-4A86-9CD4-BAF9AE1B28E0}.Release|Any CPU.ActiveCfg = Release|Any CPU
		{380DBA88-A4F9-4A86-9CD4-BAF9AE1B28E0}.Release|Any CPU.Build.0 = Release|Any CPU
		{77B3881E-676C-470D-BB17-CBC3ABFE034A}.Debug|Any CPU.ActiveCfg = Debug|Any CPU
		{77B3881E-676C-470D-BB17-CBC3ABFE034A}.Debug|Any CPU.Build.0 = Debug|Any CPU
		{77B3881E-676C-470D-BB17-CBC3ABFE034A}.Release|Any CPU.ActiveCfg = Release|Any CPU
		{77B3881E-676C-470D-BB17-CBC3ABFE034A}.Release|Any CPU.Build.0 = Release|Any CPU
	EndGlobalSection
	GlobalSection(SolutionProperties) = preSolution
		HideSolutionNode = FALSE
	EndGlobalSection
	GlobalSection(NestedProjects) = preSolution
		{C679AA2F-A04E-4B00-9E74-1480924A8A8E} = {AAC7D64B-67FD-49BB-A4C5-7B22664E8DFF}
		{7A3998CB-9D80-44C6-8D88-3313F5FB44D0} = {AAC7D64B-67FD-49BB-A4C5-7B22664E8DFF}
		{1080DEB8-01DF-48DB-9929-B729480AAFF8} = {AAC7D64B-67FD-49BB-A4C5-7B22664E8DFF}
		{98DFF1CE-BC88-4419-8B54-E48D9C2E3A10} = {AAC7D64B-67FD-49BB-A4C5-7B22664E8DFF}
		{380DBA88-A4F9-4A86-9CD4-BAF9AE1B28E0} = {AAC7D64B-67FD-49BB-A4C5-7B22664E8DFF}
		{77B3881E-676C-470D-BB17-CBC3ABFE034A} = {AAC7D64B-67FD-49BB-A4C5-7B22664E8DFF}
	EndGlobalSection
	GlobalSection(ExtensibilityGlobals) = postSolution
		SolutionGuid = {CAAB5148-8952-49A8-84E3-40E1C132F52C}
	EndGlobalSection
EndGlobal
